
Microsoft Visual Studio Solution File, Format Version 12.00
# Visual Studio Version 16
VisualStudioVersion = 16.0.28516.95
MinimumVisualStudioVersion = 10.0.40219.1
Project("{2150E333-8FDC-42A3-9474-1A3956D46DE8}") = "General", "General", "{2D5F594D-8C6A-4F7E-AADB-8944E8935FB0}"
EndProject
Project("{2150E333-8FDC-42A3-9474-1A3956D46DE8}") = "CommandLine", "CommandLine", "{6749562D-3004-4C05-BF9A-6FC70D2629F8}"
EndProject
Project("{9A19103F-16F7-4668-BE54-9A1E7A4F7556}") = "UnitTest", "General\UnitTest\UnitTest.csproj", "{8FB56F9C-6197-49FC-9F80-EDC91AA977F6}"
EndProject
Project("{9A19103F-16F7-4668-BE54-9A1E7A4F7556}") = "CommandLine", "CommandLine\Source\CommandLine.csproj", "{E1BFEB40-FEFD-4BA8-85B0-6F91F13E9C44}"
EndProject
Project("{9A19103F-16F7-4668-BE54-9A1E7A4F7556}") = "Example", "CommandLine\Example\Example.csproj", "{CEA71CFA-8AA7-404E-B5D8-E1DF22B1F563}"
EndProject
Project("{9A19103F-16F7-4668-BE54-9A1E7A4F7556}") = "Colors", "General\Colors\Colors.csproj", "{9B521F65-00F8-402A-8005-BC8F0DDEC1EB}"
EndProject
Project("{9A19103F-16F7-4668-BE54-9A1E7A4F7556}") = "General", "General\General\General.csproj", "{C6A13C5D-2A22-42A9-8DD7-269053A13273}"
EndProject
Project("{9A19103F-16F7-4668-BE54-9A1E7A4F7556}") = "Network", "General\Network\Network.csproj", "{929FA67C-090E-4A86-9090-CD6F2B0E8CD7}"
EndProject
Project("{9A19103F-16F7-4668-BE54-9A1E7A4F7556}") = "TelegramBot", "CommandLine\TelegramBot\TelegramBot.csproj", "{105CAE82-AAF8-4C7A-9DB1-0627B96F43EE}"
EndProject
Project("{9A19103F-16F7-4668-BE54-9A1E7A4F7556}") = "Renderer", "Renderer\Renderer\Renderer.csproj", "{8DCDDF0B-EA35-4B03-A0E5-0F9E3354436E}"
EndProject
Project("{2150E333-8FDC-42A3-9474-1A3956D46DE8}") = "AspNet", "AspNet", "{6ECFB2DA-3E6D-42A2-AE16-BC0D5B3DF2EE}"
EndProject
Project("{9A19103F-16F7-4668-BE54-9A1E7A4F7556}") = "AlertHelper", "AspNet\AlertHelper\AlertHelper.csproj", "{81034245-174A-4A04-81D7-5998E1F9294A}"
EndProject
Project("{9A19103F-16F7-4668-BE54-9A1E7A4F7556}") = "RequestHelper", "AspNet\RequestHelper\RequestHelper.csproj", "{93A5369C-01A5-4AE8-BFA1-1869F61D8CF5}"
EndProject
Project("{2150E333-8FDC-42A3-9474-1A3956D46DE8}") = "Uwp", "Uwp", "{B6CF0279-804F-4373-B262-8987E5724E24}"
EndProject
Project("{FAE04EC0-301F-11D3-BF4B-00C04F79EFBC}") = "General", "Uwp\General\General.csproj", "{B806EC9A-0569-4505-8ED7-385141167351}"
EndProject
Project("{FAE04EC0-301F-11D3-BF4B-00C04F79EFBC}") = "General", "ClassLibrary1\General.csproj", "{10D47CE3-F1B6-4A00-B022-F709C4C5EBE6}"
EndProject
Global
	GlobalSection(SolutionConfigurationPlatforms) = preSolution
		Debug|Any CPU = Debug|Any CPU
		Debug|ARM = Debug|ARM
		Debug|ARM64 = Debug|ARM64
		Debug|x64 = Debug|x64
		Debug|x86 = Debug|x86
		Release|Any CPU = Release|Any CPU
		Release|ARM = Release|ARM
		Release|ARM64 = Release|ARM64
		Release|x64 = Release|x64
		Release|x86 = Release|x86
	EndGlobalSection
	GlobalSection(ProjectConfigurationPlatforms) = postSolution
		{8FB56F9C-6197-49FC-9F80-EDC91AA977F6}.Debug|Any CPU.ActiveCfg = Debug|Any CPU
		{8FB56F9C-6197-49FC-9F80-EDC91AA977F6}.Debug|Any CPU.Build.0 = Debug|Any CPU
		{8FB56F9C-6197-49FC-9F80-EDC91AA977F6}.Debug|ARM.ActiveCfg = Debug|Any CPU
		{8FB56F9C-6197-49FC-9F80-EDC91AA977F6}.Debug|ARM.Build.0 = Debug|Any CPU
		{8FB56F9C-6197-49FC-9F80-EDC91AA977F6}.Debug|ARM64.ActiveCfg = Debug|Any CPU
		{8FB56F9C-6197-49FC-9F80-EDC91AA977F6}.Debug|ARM64.Build.0 = Debug|Any CPU
		{8FB56F9C-6197-49FC-9F80-EDC91AA977F6}.Debug|x64.ActiveCfg = Debug|Any CPU
		{8FB56F9C-6197-49FC-9F80-EDC91AA977F6}.Debug|x64.Build.0 = Debug|Any CPU
		{8FB56F9C-6197-49FC-9F80-EDC91AA977F6}.Debug|x86.ActiveCfg = Debug|Any CPU
		{8FB56F9C-6197-49FC-9F80-EDC91AA977F6}.Debug|x86.Build.0 = Debug|Any CPU
		{8FB56F9C-6197-49FC-9F80-EDC91AA977F6}.Release|Any CPU.ActiveCfg = Release|Any CPU
		{8FB56F9C-6197-49FC-9F80-EDC91AA977F6}.Release|Any CPU.Build.0 = Release|Any CPU
		{8FB56F9C-6197-49FC-9F80-EDC91AA977F6}.Release|ARM.ActiveCfg = Release|Any CPU
		{8FB56F9C-6197-49FC-9F80-EDC91AA977F6}.Release|ARM.Build.0 = Release|Any CPU
		{8FB56F9C-6197-49FC-9F80-EDC91AA977F6}.Release|ARM64.ActiveCfg = Release|Any CPU
		{8FB56F9C-6197-49FC-9F80-EDC91AA977F6}.Release|ARM64.Build.0 = Release|Any CPU
		{8FB56F9C-6197-49FC-9F80-EDC91AA977F6}.Release|x64.ActiveCfg = Release|Any CPU
		{8FB56F9C-6197-49FC-9F80-EDC91AA977F6}.Release|x64.Build.0 = Release|Any CPU
		{8FB56F9C-6197-49FC-9F80-EDC91AA977F6}.Release|x86.ActiveCfg = Release|Any CPU
		{8FB56F9C-6197-49FC-9F80-EDC91AA977F6}.Release|x86.Build.0 = Release|Any CPU
		{E1BFEB40-FEFD-4BA8-85B0-6F91F13E9C44}.Debug|Any CPU.ActiveCfg = Debug|Any CPU
		{E1BFEB40-FEFD-4BA8-85B0-6F91F13E9C44}.Debug|Any CPU.Build.0 = Debug|Any CPU
		{E1BFEB40-FEFD-4BA8-85B0-6F91F13E9C44}.Debug|ARM.ActiveCfg = Debug|Any CPU
		{E1BFEB40-FEFD-4BA8-85B0-6F91F13E9C44}.Debug|ARM.Build.0 = Debug|Any CPU
		{E1BFEB40-FEFD-4BA8-85B0-6F91F13E9C44}.Debug|ARM64.ActiveCfg = Debug|Any CPU
		{E1BFEB40-FEFD-4BA8-85B0-6F91F13E9C44}.Debug|ARM64.Build.0 = Debug|Any CPU
		{E1BFEB40-FEFD-4BA8-85B0-6F91F13E9C44}.Debug|x64.ActiveCfg = Debug|Any CPU
		{E1BFEB40-FEFD-4BA8-85B0-6F91F13E9C44}.Debug|x64.Build.0 = Debug|Any CPU
		{E1BFEB40-FEFD-4BA8-85B0-6F91F13E9C44}.Debug|x86.ActiveCfg = Debug|Any CPU
		{E1BFEB40-FEFD-4BA8-85B0-6F91F13E9C44}.Debug|x86.Build.0 = Debug|Any CPU
		{E1BFEB40-FEFD-4BA8-85B0-6F91F13E9C44}.Release|Any CPU.ActiveCfg = Release|Any CPU
		{E1BFEB40-FEFD-4BA8-85B0-6F91F13E9C44}.Release|Any CPU.Build.0 = Release|Any CPU
		{E1BFEB40-FEFD-4BA8-85B0-6F91F13E9C44}.Release|ARM.ActiveCfg = Release|Any CPU
		{E1BFEB40-FEFD-4BA8-85B0-6F91F13E9C44}.Release|ARM.Build.0 = Release|Any CPU
		{E1BFEB40-FEFD-4BA8-85B0-6F91F13E9C44}.Release|ARM64.ActiveCfg = Release|Any CPU
		{E1BFEB40-FEFD-4BA8-85B0-6F91F13E9C44}.Release|ARM64.Build.0 = Release|Any CPU
		{E1BFEB40-FEFD-4BA8-85B0-6F91F13E9C44}.Release|x64.ActiveCfg = Release|Any CPU
		{E1BFEB40-FEFD-4BA8-85B0-6F91F13E9C44}.Release|x64.Build.0 = Release|Any CPU
		{E1BFEB40-FEFD-4BA8-85B0-6F91F13E9C44}.Release|x86.ActiveCfg = Release|Any CPU
		{E1BFEB40-FEFD-4BA8-85B0-6F91F13E9C44}.Release|x86.Build.0 = Release|Any CPU
		{CEA71CFA-8AA7-404E-B5D8-E1DF22B1F563}.Debug|Any CPU.ActiveCfg = Debug|Any CPU
		{CEA71CFA-8AA7-404E-B5D8-E1DF22B1F563}.Debug|Any CPU.Build.0 = Debug|Any CPU
		{CEA71CFA-8AA7-404E-B5D8-E1DF22B1F563}.Debug|ARM.ActiveCfg = Debug|Any CPU
		{CEA71CFA-8AA7-404E-B5D8-E1DF22B1F563}.Debug|ARM.Build.0 = Debug|Any CPU
		{CEA71CFA-8AA7-404E-B5D8-E1DF22B1F563}.Debug|ARM64.ActiveCfg = Debug|Any CPU
		{CEA71CFA-8AA7-404E-B5D8-E1DF22B1F563}.Debug|ARM64.Build.0 = Debug|Any CPU
		{CEA71CFA-8AA7-404E-B5D8-E1DF22B1F563}.Debug|x64.ActiveCfg = Debug|Any CPU
		{CEA71CFA-8AA7-404E-B5D8-E1DF22B1F563}.Debug|x64.Build.0 = Debug|Any CPU
		{CEA71CFA-8AA7-404E-B5D8-E1DF22B1F563}.Debug|x86.ActiveCfg = Debug|Any CPU
		{CEA71CFA-8AA7-404E-B5D8-E1DF22B1F563}.Debug|x86.Build.0 = Debug|Any CPU
		{CEA71CFA-8AA7-404E-B5D8-E1DF22B1F563}.Release|Any CPU.ActiveCfg = Release|Any CPU
		{CEA71CFA-8AA7-404E-B5D8-E1DF22B1F563}.Release|Any CPU.Build.0 = Release|Any CPU
		{CEA71CFA-8AA7-404E-B5D8-E1DF22B1F563}.Release|ARM.ActiveCfg = Release|Any CPU
		{CEA71CFA-8AA7-404E-B5D8-E1DF22B1F563}.Release|ARM.Build.0 = Release|Any CPU
		{CEA71CFA-8AA7-404E-B5D8-E1DF22B1F563}.Release|ARM64.ActiveCfg = Release|Any CPU
		{CEA71CFA-8AA7-404E-B5D8-E1DF22B1F563}.Release|ARM64.Build.0 = Release|Any CPU
		{CEA71CFA-8AA7-404E-B5D8-E1DF22B1F563}.Release|x64.ActiveCfg = Release|Any CPU
		{CEA71CFA-8AA7-404E-B5D8-E1DF22B1F563}.Release|x64.Build.0 = Release|Any CPU
		{CEA71CFA-8AA7-404E-B5D8-E1DF22B1F563}.Release|x86.ActiveCfg = Release|Any CPU
		{CEA71CFA-8AA7-404E-B5D8-E1DF22B1F563}.Release|x86.Build.0 = Release|Any CPU
		{9B521F65-00F8-402A-8005-BC8F0DDEC1EB}.Debug|Any CPU.ActiveCfg = Debug|Any CPU
		{9B521F65-00F8-402A-8005-BC8F0DDEC1EB}.Debug|Any CPU.Build.0 = Debug|Any CPU
		{9B521F65-00F8-402A-8005-BC8F0DDEC1EB}.Debug|ARM.ActiveCfg = Debug|Any CPU
		{9B521F65-00F8-402A-8005-BC8F0DDEC1EB}.Debug|ARM.Build.0 = Debug|Any CPU
		{9B521F65-00F8-402A-8005-BC8F0DDEC1EB}.Debug|ARM64.ActiveCfg = Debug|Any CPU
		{9B521F65-00F8-402A-8005-BC8F0DDEC1EB}.Debug|ARM64.Build.0 = Debug|Any CPU
		{9B521F65-00F8-402A-8005-BC8F0DDEC1EB}.Debug|x64.ActiveCfg = Debug|Any CPU
		{9B521F65-00F8-402A-8005-BC8F0DDEC1EB}.Debug|x64.Build.0 = Debug|Any CPU
		{9B521F65-00F8-402A-8005-BC8F0DDEC1EB}.Debug|x86.ActiveCfg = Debug|Any CPU
		{9B521F65-00F8-402A-8005-BC8F0DDEC1EB}.Debug|x86.Build.0 = Debug|Any CPU
		{9B521F65-00F8-402A-8005-BC8F0DDEC1EB}.Release|Any CPU.ActiveCfg = Release|Any CPU
		{9B521F65-00F8-402A-8005-BC8F0DDEC1EB}.Release|Any CPU.Build.0 = Release|Any CPU
		{9B521F65-00F8-402A-8005-BC8F0DDEC1EB}.Release|ARM.ActiveCfg = Release|Any CPU
		{9B521F65-00F8-402A-8005-BC8F0DDEC1EB}.Release|ARM.Build.0 = Release|Any CPU
		{9B521F65-00F8-402A-8005-BC8F0DDEC1EB}.Release|ARM64.ActiveCfg = Release|Any CPU
		{9B521F65-00F8-402A-8005-BC8F0DDEC1EB}.Release|ARM64.Build.0 = Release|Any CPU
		{9B521F65-00F8-402A-8005-BC8F0DDEC1EB}.Release|x64.ActiveCfg = Release|Any CPU
		{9B521F65-00F8-402A-8005-BC8F0DDEC1EB}.Release|x64.Build.0 = Release|Any CPU
		{9B521F65-00F8-402A-8005-BC8F0DDEC1EB}.Release|x86.ActiveCfg = Release|Any CPU
		{9B521F65-00F8-402A-8005-BC8F0DDEC1EB}.Release|x86.Build.0 = Release|Any CPU
		{C6A13C5D-2A22-42A9-8DD7-269053A13273}.Debug|Any CPU.ActiveCfg = Debug|Any CPU
		{C6A13C5D-2A22-42A9-8DD7-269053A13273}.Debug|Any CPU.Build.0 = Debug|Any CPU
		{C6A13C5D-2A22-42A9-8DD7-269053A13273}.Debug|ARM.ActiveCfg = Debug|Any CPU
		{C6A13C5D-2A22-42A9-8DD7-269053A13273}.Debug|ARM.Build.0 = Debug|Any CPU
		{C6A13C5D-2A22-42A9-8DD7-269053A13273}.Debug|ARM64.ActiveCfg = Debug|Any CPU
		{C6A13C5D-2A22-42A9-8DD7-269053A13273}.Debug|ARM64.Build.0 = Debug|Any CPU
		{C6A13C5D-2A22-42A9-8DD7-269053A13273}.Debug|x64.ActiveCfg = Debug|Any CPU
		{C6A13C5D-2A22-42A9-8DD7-269053A13273}.Debug|x64.Build.0 = Debug|Any CPU
		{C6A13C5D-2A22-42A9-8DD7-269053A13273}.Debug|x86.ActiveCfg = Debug|Any CPU
		{C6A13C5D-2A22-42A9-8DD7-269053A13273}.Debug|x86.Build.0 = Debug|Any CPU
		{C6A13C5D-2A22-42A9-8DD7-269053A13273}.Release|Any CPU.ActiveCfg = Release|Any CPU
		{C6A13C5D-2A22-42A9-8DD7-269053A13273}.Release|Any CPU.Build.0 = Release|Any CPU
		{C6A13C5D-2A22-42A9-8DD7-269053A13273}.Release|ARM.ActiveCfg = Release|Any CPU
		{C6A13C5D-2A22-42A9-8DD7-269053A13273}.Release|ARM.Build.0 = Release|Any CPU
		{C6A13C5D-2A22-42A9-8DD7-269053A13273}.Release|ARM64.ActiveCfg = Release|Any CPU
		{C6A13C5D-2A22-42A9-8DD7-269053A13273}.Release|ARM64.Build.0 = Release|Any CPU
		{C6A13C5D-2A22-42A9-8DD7-269053A13273}.Release|x64.ActiveCfg = Release|Any CPU
		{C6A13C5D-2A22-42A9-8DD7-269053A13273}.Release|x64.Build.0 = Release|Any CPU
		{C6A13C5D-2A22-42A9-8DD7-269053A13273}.Release|x86.ActiveCfg = Release|Any CPU
		{C6A13C5D-2A22-42A9-8DD7-269053A13273}.Release|x86.Build.0 = Release|Any CPU
		{929FA67C-090E-4A86-9090-CD6F2B0E8CD7}.Debug|Any CPU.ActiveCfg = Debug|Any CPU
		{929FA67C-090E-4A86-9090-CD6F2B0E8CD7}.Debug|Any CPU.Build.0 = Debug|Any CPU
		{929FA67C-090E-4A86-9090-CD6F2B0E8CD7}.Debug|ARM.ActiveCfg = Debug|Any CPU
		{929FA67C-090E-4A86-9090-CD6F2B0E8CD7}.Debug|ARM.Build.0 = Debug|Any CPU
		{929FA67C-090E-4A86-9090-CD6F2B0E8CD7}.Debug|ARM64.ActiveCfg = Debug|Any CPU
		{929FA67C-090E-4A86-9090-CD6F2B0E8CD7}.Debug|ARM64.Build.0 = Debug|Any CPU
		{929FA67C-090E-4A86-9090-CD6F2B0E8CD7}.Debug|x64.ActiveCfg = Debug|Any CPU
		{929FA67C-090E-4A86-9090-CD6F2B0E8CD7}.Debug|x64.Build.0 = Debug|Any CPU
		{929FA67C-090E-4A86-9090-CD6F2B0E8CD7}.Debug|x86.ActiveCfg = Debug|Any CPU
		{929FA67C-090E-4A86-9090-CD6F2B0E8CD7}.Debug|x86.Build.0 = Debug|Any CPU
		{929FA67C-090E-4A86-9090-CD6F2B0E8CD7}.Release|Any CPU.ActiveCfg = Release|Any CPU
		{929FA67C-090E-4A86-9090-CD6F2B0E8CD7}.Release|Any CPU.Build.0 = Release|Any CPU
		{929FA67C-090E-4A86-9090-CD6F2B0E8CD7}.Release|ARM.ActiveCfg = Release|Any CPU
		{929FA67C-090E-4A86-9090-CD6F2B0E8CD7}.Release|ARM.Build.0 = Release|Any CPU
		{929FA67C-090E-4A86-9090-CD6F2B0E8CD7}.Release|ARM64.ActiveCfg = Release|Any CPU
		{929FA67C-090E-4A86-9090-CD6F2B0E8CD7}.Release|ARM64.Build.0 = Release|Any CPU
		{929FA67C-090E-4A86-9090-CD6F2B0E8CD7}.Release|x64.ActiveCfg = Release|Any CPU
		{929FA67C-090E-4A86-9090-CD6F2B0E8CD7}.Release|x64.Build.0 = Release|Any CPU
		{929FA67C-090E-4A86-9090-CD6F2B0E8CD7}.Release|x86.ActiveCfg = Release|Any CPU
		{929FA67C-090E-4A86-9090-CD6F2B0E8CD7}.Release|x86.Build.0 = Release|Any CPU
		{105CAE82-AAF8-4C7A-9DB1-0627B96F43EE}.Debug|Any CPU.ActiveCfg = Debug|Any CPU
		{105CAE82-AAF8-4C7A-9DB1-0627B96F43EE}.Debug|Any CPU.Build.0 = Debug|Any CPU
		{105CAE82-AAF8-4C7A-9DB1-0627B96F43EE}.Debug|ARM.ActiveCfg = Debug|Any CPU
		{105CAE82-AAF8-4C7A-9DB1-0627B96F43EE}.Debug|ARM.Build.0 = Debug|Any CPU
		{105CAE82-AAF8-4C7A-9DB1-0627B96F43EE}.Debug|ARM64.ActiveCfg = Debug|Any CPU
		{105CAE82-AAF8-4C7A-9DB1-0627B96F43EE}.Debug|ARM64.Build.0 = Debug|Any CPU
		{105CAE82-AAF8-4C7A-9DB1-0627B96F43EE}.Debug|x64.ActiveCfg = Debug|Any CPU
		{105CAE82-AAF8-4C7A-9DB1-0627B96F43EE}.Debug|x64.Build.0 = Debug|Any CPU
		{105CAE82-AAF8-4C7A-9DB1-0627B96F43EE}.Debug|x86.ActiveCfg = Debug|Any CPU
		{105CAE82-AAF8-4C7A-9DB1-0627B96F43EE}.Debug|x86.Build.0 = Debug|Any CPU
		{105CAE82-AAF8-4C7A-9DB1-0627B96F43EE}.Release|Any CPU.ActiveCfg = Release|Any CPU
		{105CAE82-AAF8-4C7A-9DB1-0627B96F43EE}.Release|Any CPU.Build.0 = Release|Any CPU
		{105CAE82-AAF8-4C7A-9DB1-0627B96F43EE}.Release|ARM.ActiveCfg = Release|Any CPU
		{105CAE82-AAF8-4C7A-9DB1-0627B96F43EE}.Release|ARM.Build.0 = Release|Any CPU
		{105CAE82-AAF8-4C7A-9DB1-0627B96F43EE}.Release|ARM64.ActiveCfg = Release|Any CPU
		{105CAE82-AAF8-4C7A-9DB1-0627B96F43EE}.Release|ARM64.Build.0 = Release|Any CPU
		{105CAE82-AAF8-4C7A-9DB1-0627B96F43EE}.Release|x64.ActiveCfg = Release|Any CPU
		{105CAE82-AAF8-4C7A-9DB1-0627B96F43EE}.Release|x64.Build.0 = Release|Any CPU
		{105CAE82-AAF8-4C7A-9DB1-0627B96F43EE}.Release|x86.ActiveCfg = Release|Any CPU
		{105CAE82-AAF8-4C7A-9DB1-0627B96F43EE}.Release|x86.Build.0 = Release|Any CPU
		{8DCDDF0B-EA35-4B03-A0E5-0F9E3354436E}.Debug|Any CPU.ActiveCfg = Debug|Any CPU
		{8DCDDF0B-EA35-4B03-A0E5-0F9E3354436E}.Debug|Any CPU.Build.0 = Debug|Any CPU
		{8DCDDF0B-EA35-4B03-A0E5-0F9E3354436E}.Debug|ARM.ActiveCfg = Debug|Any CPU
		{8DCDDF0B-EA35-4B03-A0E5-0F9E3354436E}.Debug|ARM.Build.0 = Debug|Any CPU
		{8DCDDF0B-EA35-4B03-A0E5-0F9E3354436E}.Debug|ARM64.ActiveCfg = Debug|Any CPU
		{8DCDDF0B-EA35-4B03-A0E5-0F9E3354436E}.Debug|ARM64.Build.0 = Debug|Any CPU
		{8DCDDF0B-EA35-4B03-A0E5-0F9E3354436E}.Debug|x64.ActiveCfg = Debug|Any CPU
		{8DCDDF0B-EA35-4B03-A0E5-0F9E3354436E}.Debug|x64.Build.0 = Debug|Any CPU
		{8DCDDF0B-EA35-4B03-A0E5-0F9E3354436E}.Debug|x86.ActiveCfg = Debug|Any CPU
		{8DCDDF0B-EA35-4B03-A0E5-0F9E3354436E}.Debug|x86.Build.0 = Debug|Any CPU
		{8DCDDF0B-EA35-4B03-A0E5-0F9E3354436E}.Release|Any CPU.ActiveCfg = Release|Any CPU
		{8DCDDF0B-EA35-4B03-A0E5-0F9E3354436E}.Release|Any CPU.Build.0 = Release|Any CPU
		{8DCDDF0B-EA35-4B03-A0E5-0F9E3354436E}.Release|ARM.ActiveCfg = Release|Any CPU
		{8DCDDF0B-EA35-4B03-A0E5-0F9E3354436E}.Release|ARM.Build.0 = Release|Any CPU
		{8DCDDF0B-EA35-4B03-A0E5-0F9E3354436E}.Release|ARM64.ActiveCfg = Release|Any CPU
		{8DCDDF0B-EA35-4B03-A0E5-0F9E3354436E}.Release|ARM64.Build.0 = Release|Any CPU
		{8DCDDF0B-EA35-4B03-A0E5-0F9E3354436E}.Release|x64.ActiveCfg = Release|Any CPU
		{8DCDDF0B-EA35-4B03-A0E5-0F9E3354436E}.Release|x64.Build.0 = Release|Any CPU
		{8DCDDF0B-EA35-4B03-A0E5-0F9E3354436E}.Release|x86.ActiveCfg = Release|Any CPU
		{8DCDDF0B-EA35-4B03-A0E5-0F9E3354436E}.Release|x86.Build.0 = Release|Any CPU
		{81034245-174A-4A04-81D7-5998E1F9294A}.Debug|Any CPU.ActiveCfg = Debug|Any CPU
		{81034245-174A-4A04-81D7-5998E1F9294A}.Debug|Any CPU.Build.0 = Debug|Any CPU
		{81034245-174A-4A04-81D7-5998E1F9294A}.Debug|ARM.ActiveCfg = Debug|Any CPU
		{81034245-174A-4A04-81D7-5998E1F9294A}.Debug|ARM.Build.0 = Debug|Any CPU
		{81034245-174A-4A04-81D7-5998E1F9294A}.Debug|ARM64.ActiveCfg = Debug|Any CPU
		{81034245-174A-4A04-81D7-5998E1F9294A}.Debug|ARM64.Build.0 = Debug|Any CPU
		{81034245-174A-4A04-81D7-5998E1F9294A}.Debug|x64.ActiveCfg = Debug|Any CPU
		{81034245-174A-4A04-81D7-5998E1F9294A}.Debug|x64.Build.0 = Debug|Any CPU
		{81034245-174A-4A04-81D7-5998E1F9294A}.Debug|x86.ActiveCfg = Debug|Any CPU
		{81034245-174A-4A04-81D7-5998E1F9294A}.Debug|x86.Build.0 = Debug|Any CPU
		{81034245-174A-4A04-81D7-5998E1F9294A}.Release|Any CPU.ActiveCfg = Release|Any CPU
		{81034245-174A-4A04-81D7-5998E1F9294A}.Release|Any CPU.Build.0 = Release|Any CPU
		{81034245-174A-4A04-81D7-5998E1F9294A}.Release|ARM.ActiveCfg = Release|Any CPU
		{81034245-174A-4A04-81D7-5998E1F9294A}.Release|ARM.Build.0 = Release|Any CPU
		{81034245-174A-4A04-81D7-5998E1F9294A}.Release|ARM64.ActiveCfg = Release|Any CPU
		{81034245-174A-4A04-81D7-5998E1F9294A}.Release|ARM64.Build.0 = Release|Any CPU
		{81034245-174A-4A04-81D7-5998E1F9294A}.Release|x64.ActiveCfg = Release|Any CPU
		{81034245-174A-4A04-81D7-5998E1F9294A}.Release|x64.Build.0 = Release|Any CPU
		{81034245-174A-4A04-81D7-5998E1F9294A}.Release|x86.ActiveCfg = Release|Any CPU
		{81034245-174A-4A04-81D7-5998E1F9294A}.Release|x86.Build.0 = Release|Any CPU
		{93A5369C-01A5-4AE8-BFA1-1869F61D8CF5}.Debug|Any CPU.ActiveCfg = Debug|Any CPU
		{93A5369C-01A5-4AE8-BFA1-1869F61D8CF5}.Debug|Any CPU.Build.0 = Debug|Any CPU
		{93A5369C-01A5-4AE8-BFA1-1869F61D8CF5}.Debug|ARM.ActiveCfg = Debug|Any CPU
		{93A5369C-01A5-4AE8-BFA1-1869F61D8CF5}.Debug|ARM.Build.0 = Debug|Any CPU
		{93A5369C-01A5-4AE8-BFA1-1869F61D8CF5}.Debug|ARM64.ActiveCfg = Debug|Any CPU
		{93A5369C-01A5-4AE8-BFA1-1869F61D8CF5}.Debug|ARM64.Build.0 = Debug|Any CPU
		{93A5369C-01A5-4AE8-BFA1-1869F61D8CF5}.Debug|x64.ActiveCfg = Debug|Any CPU
		{93A5369C-01A5-4AE8-BFA1-1869F61D8CF5}.Debug|x64.Build.0 = Debug|Any CPU
		{93A5369C-01A5-4AE8-BFA1-1869F61D8CF5}.Debug|x86.ActiveCfg = Debug|Any CPU
		{93A5369C-01A5-4AE8-BFA1-1869F61D8CF5}.Debug|x86.Build.0 = Debug|Any CPU
		{93A5369C-01A5-4AE8-BFA1-1869F61D8CF5}.Release|Any CPU.ActiveCfg = Release|Any CPU
		{93A5369C-01A5-4AE8-BFA1-1869F61D8CF5}.Release|Any CPU.Build.0 = Release|Any CPU
		{93A5369C-01A5-4AE8-BFA1-1869F61D8CF5}.Release|ARM.ActiveCfg = Release|Any CPU
		{93A5369C-01A5-4AE8-BFA1-1869F61D8CF5}.Release|ARM.Build.0 = Release|Any CPU
		{93A5369C-01A5-4AE8-BFA1-1869F61D8CF5}.Release|ARM64.ActiveCfg = Release|Any CPU
		{93A5369C-01A5-4AE8-BFA1-1869F61D8CF5}.Release|ARM64.Build.0 = Release|Any CPU
		{93A5369C-01A5-4AE8-BFA1-1869F61D8CF5}.Release|x64.ActiveCfg = Release|Any CPU
		{93A5369C-01A5-4AE8-BFA1-1869F61D8CF5}.Release|x64.Build.0 = Release|Any CPU
		{93A5369C-01A5-4AE8-BFA1-1869F61D8CF5}.Release|x86.ActiveCfg = Release|Any CPU
		{93A5369C-01A5-4AE8-BFA1-1869F61D8CF5}.Release|x86.Build.0 = Release|Any CPU
		{B806EC9A-0569-4505-8ED7-385141167351}.Debug|Any CPU.ActiveCfg = Debug|Any CPU
		{B806EC9A-0569-4505-8ED7-385141167351}.Debug|Any CPU.Build.0 = Debug|Any CPU
		{B806EC9A-0569-4505-8ED7-385141167351}.Debug|ARM.ActiveCfg = Debug|ARM
		{B806EC9A-0569-4505-8ED7-385141167351}.Debug|ARM.Build.0 = Debug|ARM
		{B806EC9A-0569-4505-8ED7-385141167351}.Debug|ARM64.ActiveCfg = Debug|ARM64
		{B806EC9A-0569-4505-8ED7-385141167351}.Debug|ARM64.Build.0 = Debug|ARM64
		{B806EC9A-0569-4505-8ED7-385141167351}.Debug|x64.ActiveCfg = Debug|x64
		{B806EC9A-0569-4505-8ED7-385141167351}.Debug|x64.Build.0 = Debug|x64
		{B806EC9A-0569-4505-8ED7-385141167351}.Debug|x86.ActiveCfg = Debug|x86
		{B806EC9A-0569-4505-8ED7-385141167351}.Debug|x86.Build.0 = Debug|x86
		{B806EC9A-0569-4505-8ED7-385141167351}.Release|Any CPU.ActiveCfg = Release|Any CPU
		{B806EC9A-0569-4505-8ED7-385141167351}.Release|Any CPU.Build.0 = Release|Any CPU
		{B806EC9A-0569-4505-8ED7-385141167351}.Release|ARM.ActiveCfg = Release|ARM
		{B806EC9A-0569-4505-8ED7-385141167351}.Release|ARM.Build.0 = Release|ARM
		{B806EC9A-0569-4505-8ED7-385141167351}.Release|ARM64.ActiveCfg = Release|ARM64
		{B806EC9A-0569-4505-8ED7-385141167351}.Release|ARM64.Build.0 = Release|ARM64
		{B806EC9A-0569-4505-8ED7-385141167351}.Release|x64.ActiveCfg = Release|x64
		{B806EC9A-0569-4505-8ED7-385141167351}.Release|x64.Build.0 = Release|x64
		{B806EC9A-0569-4505-8ED7-385141167351}.Release|x86.ActiveCfg = Release|x86
		{B806EC9A-0569-4505-8ED7-385141167351}.Release|x86.Build.0 = Release|x86
		{10D47CE3-F1B6-4A00-B022-F709C4C5EBE6}.Debug|Any CPU.ActiveCfg = Debug|Any CPU
		{10D47CE3-F1B6-4A00-B022-F709C4C5EBE6}.Debug|Any CPU.Build.0 = Debug|Any CPU
		{10D47CE3-F1B6-4A00-B022-F709C4C5EBE6}.Debug|ARM.ActiveCfg = Debug|Any CPU
		{10D47CE3-F1B6-4A00-B022-F709C4C5EBE6}.Debug|ARM.Build.0 = Debug|Any CPU
		{10D47CE3-F1B6-4A00-B022-F709C4C5EBE6}.Debug|ARM64.ActiveCfg = Debug|Any CPU
		{10D47CE3-F1B6-4A00-B022-F709C4C5EBE6}.Debug|ARM64.Build.0 = Debug|Any CPU
		{10D47CE3-F1B6-4A00-B022-F709C4C5EBE6}.Debug|x64.ActiveCfg = Debug|Any CPU
		{10D47CE3-F1B6-4A00-B022-F709C4C5EBE6}.Debug|x64.Build.0 = Debug|Any CPU
		{10D47CE3-F1B6-4A00-B022-F709C4C5EBE6}.Debug|x86.ActiveCfg = Debug|Any CPU
		{10D47CE3-F1B6-4A00-B022-F709C4C5EBE6}.Debug|x86.Build.0 = Debug|Any CPU
		{10D47CE3-F1B6-4A00-B022-F709C4C5EBE6}.Release|Any CPU.ActiveCfg = Release|Any CPU
		{10D47CE3-F1B6-4A00-B022-F709C4C5EBE6}.Release|Any CPU.Build.0 = Release|Any CPU
		{10D47CE3-F1B6-4A00-B022-F709C4C5EBE6}.Release|ARM.ActiveCfg = Release|Any CPU
		{10D47CE3-F1B6-4A00-B022-F709C4C5EBE6}.Release|ARM.Build.0 = Release|Any CPU
		{10D47CE3-F1B6-4A00-B022-F709C4C5EBE6}.Release|ARM64.ActiveCfg = Release|Any CPU
		{10D47CE3-F1B6-4A00-B022-F709C4C5EBE6}.Release|ARM64.Build.0 = Release|Any CPU
		{10D47CE3-F1B6-4A00-B022-F709C4C5EBE6}.Release|x64.ActiveCfg = Release|Any CPU
		{10D47CE3-F1B6-4A00-B022-F709C4C5EBE6}.Release|x64.Build.0 = Release|Any CPU
		{10D47CE3-F1B6-4A00-B022-F709C4C5EBE6}.Release|x86.ActiveCfg = Release|Any CPU
		{10D47CE3-F1B6-4A00-B022-F709C4C5EBE6}.Release|x86.Build.0 = Release|Any CPU
	EndGlobalSection
	GlobalSection(SolutionProperties) = preSolution
		HideSolutionNode = FALSE
	EndGlobalSection
	GlobalSection(NestedProjects) = preSolution
		{8FB56F9C-6197-49FC-9F80-EDC91AA977F6} = {2D5F594D-8C6A-4F7E-AADB-8944E8935FB0}
		{E1BFEB40-FEFD-4BA8-85B0-6F91F13E9C44} = {6749562D-3004-4C05-BF9A-6FC70D2629F8}
		{CEA71CFA-8AA7-404E-B5D8-E1DF22B1F563} = {6749562D-3004-4C05-BF9A-6FC70D2629F8}
		{9B521F65-00F8-402A-8005-BC8F0DDEC1EB} = {2D5F594D-8C6A-4F7E-AADB-8944E8935FB0}
		{C6A13C5D-2A22-42A9-8DD7-269053A13273} = {2D5F594D-8C6A-4F7E-AADB-8944E8935FB0}
		{929FA67C-090E-4A86-9090-CD6F2B0E8CD7} = {2D5F594D-8C6A-4F7E-AADB-8944E8935FB0}
		{105CAE82-AAF8-4C7A-9DB1-0627B96F43EE} = {6749562D-3004-4C05-BF9A-6FC70D2629F8}
		{8DCDDF0B-EA35-4B03-A0E5-0F9E3354436E} = {2D5F594D-8C6A-4F7E-AADB-8944E8935FB0}
		{81034245-174A-4A04-81D7-5998E1F9294A} = {6ECFB2DA-3E6D-42A2-AE16-BC0D5B3DF2EE}
		{93A5369C-01A5-4AE8-BFA1-1869F61D8CF5} = {6ECFB2DA-3E6D-42A2-AE16-BC0D5B3DF2EE}
		{B806EC9A-0569-4505-8ED7-385141167351} = {B6CF0279-804F-4373-B262-8987E5724E24}
		{10D47CE3-F1B6-4A00-B022-F709C4C5EBE6} = {6ECFB2DA-3E6D-42A2-AE16-BC0D5B3DF2EE}
	EndGlobalSection
	GlobalSection(ExtensibilityGlobals) = postSolution
		SolutionGuid = {14DAB56C-F500-45EE-8A65-CFA2C12B509D}
	EndGlobalSection
	GlobalSection(TeamFoundationVersionControl) = preSolution
		SccNumberOfProjects = 13
		SccEnterpriseProvider = {4CA58AB2-18FA-4F8D-95D4-32DDF27D184C}
		SccTeamFoundationServer = https://vsts.dreamry.org/defaultcollection
		SccLocalPath0 = .
		SccProjectUniqueName1 = General\\UnitTest\\UnitTest.csproj
		SccProjectTopLevelParentUniqueName1 = ToolBox.sln
		SccProjectName1 = General/UnitTest
		SccLocalPath1 = General\\UnitTest
		SccProjectUniqueName2 = CommandLine\\Source\\CommandLine.csproj
		SccProjectTopLevelParentUniqueName2 = ToolBox.sln
		SccProjectName2 = CommandLine/Source
		SccLocalPath2 = CommandLine\\Source
		SccProjectUniqueName3 = CommandLine\\Example\\Example.csproj
		SccProjectTopLevelParentUniqueName3 = ToolBox.sln
		SccProjectName3 = CommandLine/Example
		SccLocalPath3 = CommandLine\\Example
		SccProjectUniqueName4 = General\\Colors\\Colors.csproj
		SccProjectTopLevelParentUniqueName4 = ToolBox.sln
		SccProjectName4 = General/Colors
		SccLocalPath4 = General\\Colors
		SccProjectUniqueName5 = General\\General\\General.csproj
		SccProjectTopLevelParentUniqueName5 = ToolBox.sln
		SccProjectName5 = General/General
		SccLocalPath5 = General\\General
		SccProjectUniqueName6 = General\\Network\\Network.csproj
		SccProjectTopLevelParentUniqueName6 = ToolBox.sln
		SccProjectName6 = General/Network
		SccLocalPath6 = General\\Network
		SccProjectUniqueName7 = CommandLine\\TelegramBot\\TelegramBot.csproj
		SccProjectTopLevelParentUniqueName7 = ToolBox.sln
		SccProjectName7 = CommandLine/TelegramBot
		SccLocalPath7 = CommandLine\\TelegramBot
		SccProjectUniqueName8 = Renderer\\Renderer\\Renderer.csproj
		SccProjectTopLevelParentUniqueName8 = ToolBox.sln
		SccProjectName8 = Renderer/Renderer
		SccLocalPath8 = Renderer\\Renderer
		SccProjectUniqueName9 = AspNet\\AlertHelper\\AlertHelper.csproj
		SccProjectTopLevelParentUniqueName9 = ToolBox.sln
		SccProjectName9 = AspNet/AlertHelper
		SccLocalPath9 = AspNet\\AlertHelper
		SccProjectUniqueName10 = AspNet\\RequestHelper\\RequestHelper.csproj
		SccProjectTopLevelParentUniqueName10 = ToolBox.sln
		SccProjectName10 = AspNet/RequestHelper
		SccLocalPath10 = AspNet\\RequestHelper
		SccProjectUniqueName11 = Uwp\\General\\General.csproj
		SccProjectTopLevelParentUniqueName11 = ToolBox.sln
		SccProjectName11 = Uwp/General
		SccLocalPath11 = Uwp\\General
		SccProjectUniqueName12 = ClassLibrary1\\General.csproj
		SccProjectTopLevelParentUniqueName12 = ToolBox.sln
		SccProjectName12 = ClassLibrary1
		SccLocalPath12 = ClassLibrary1
	EndGlobalSection
EndGlobal
